
Microsoft Visual Studio Solution File, Format Version 12.00
# Visual Studio Version 17
VisualStudioVersion = 17.5.33627.172
MinimumVisualStudioVersion = 10.0.40219.1
Project("{FAE04EC0-301F-11D3-BF4B-00C04F79EFBC}") = "AlgorithmComparererCS", "AlgorithmComparererCS\AlgorithmComparererCS.csproj", "{050C967F-B292-4059-97D2-B41CFC7C7191}"
EndProject
Global
	GlobalSection(SolutionConfigurationPlatforms) = preSolution
		Debug|Any CPU = Debug|Any CPU
		Release|Any CPU = Release|Any CPU
	EndGlobalSection
	GlobalSection(ProjectConfigurationPlatforms) = postSolution
		{050C967F-B292-4059-97D2-B41CFC7C7191}.Debug|Any CPU.ActiveCfg = Debug|Any CPU
		{050C967F-B292-4059-97D2-B41CFC7C7191}.Debug|Any CPU.Build.0 = Debug|Any CPU
		{050C967F-B292-4059-97D2-B41CFC7C7191}.Release|Any CPU.ActiveCfg = Release|Any CPU
		{050C967F-B292-4059-97D2-B41CFC7C7191}.Release|Any CPU.Build.0 = Release|Any CPU
	EndGlobalSection
	GlobalSection(SolutionProperties) = preSolution
		HideSolutionNode = FALSE
	EndGlobalSection
	GlobalSection(ExtensibilityGlobals) = postSolution
		SolutionGuid = {AE5C35E0-B541-4D3E-9284-A39193856F64}
	EndGlobalSection
EndGlobal
